
Microsoft Visual Studio Solution File, Format Version 12.00
# Visual Studio Version 17
VisualStudioVersion = 17.14.36221.1 d17.14
MinimumVisualStudioVersion = 10.0.40219.1
Project("{FAE04EC0-301F-11D3-BF4B-00C04F79EFBC}") = "Note-oriousWebApp.API", "Note-oriousWebApp.API\Note-oriousWebApp.API.csproj", "{AAE75FBF-FD0C-4628-9BB4-2436E74E547E}"
EndProject
Global
	GlobalSection(SolutionConfigurationPlatforms) = preSolution
		Debug|Any CPU = Debug|Any CPU
		Release|Any CPU = Release|Any CPU
	EndGlobalSection
	GlobalSection(ProjectConfigurationPlatforms) = postSolution
		{AAE75FBF-FD0C-4628-9BB4-2436E74E547E}.Debug|Any CPU.ActiveCfg = Debug|Any CPU
		{AAE75FBF-FD0C-4628-9BB4-2436E74E547E}.Debug|Any CPU.Build.0 = Debug|Any CPU
		{AAE75FBF-FD0C-4628-9BB4-2436E74E547E}.Release|Any CPU.ActiveCfg = Release|Any CPU
		{AAE75FBF-FD0C-4628-9BB4-2436E74E547E}.Release|Any CPU.Build.0 = Release|Any CPU
	EndGlobalSection
	GlobalSection(SolutionProperties) = preSolution
		HideSolutionNode = FALSE
	EndGlobalSection
	GlobalSection(ExtensibilityGlobals) = postSolution
		SolutionGuid = {049AF141-3080-498F-8BD7-E3CCB320C216}
	EndGlobalSection
EndGlobal
